
Microsoft Visual Studio Solution File, Format Version 12.00
# Visual Studio 15
VisualStudioVersion = 15.0.27004.2002
MinimumVisualStudioVersion = 10.0.40219.1
Project("{FAE04EC0-301F-11D3-BF4B-00C04F79EFBC}") = "JavaLauncher", "JavaLauncher\JavaLauncher.csproj", "{6C49EE77-D847-4248-B387-D62630D58FD8}"
EndProject
Global
	GlobalSection(SolutionConfigurationPlatforms) = preSolution
		Debug|Any CPU = Debug|Any CPU
		Release|Any CPU = Release|Any CPU
	EndGlobalSection
	GlobalSection(ProjectConfigurationPlatforms) = postSolution
		{6C49EE77-D847-4248-B387-D62630D58FD8}.Debug|Any CPU.ActiveCfg = Debug|Any CPU
		{6C49EE77-D847-4248-B387-D62630D58FD8}.Debug|Any CPU.Build.0 = Debug|Any CPU
		{6C49EE77-D847-4248-B387-D62630D58FD8}.Release|Any CPU.ActiveCfg = Release|Any CPU
		{6C49EE77-D847-4248-B387-D62630D58FD8}.Release|Any CPU.Build.0 = Release|Any CPU
	EndGlobalSection
	GlobalSection(SolutionProperties) = preSolution
		HideSolutionNode = FALSE
	EndGlobalSection
	GlobalSection(ExtensibilityGlobals) = postSolution
		SolutionGuid = {131FDA12-E582-4D1C-9904-D0C3DC28C5A0}
	EndGlobalSection
EndGlobal
